// !$*UTF8*$!
{
	archiveVersion = 1;
	classes = {
	};
	objectVersion = 56;
	objects = {

/* Begin PBXBuildFile section */
		92210E672C819DCF0069346A /* InboxView.swift in Sources */ = {isa = PBXBuildFile; fileRef = 92210E662C819DCF0069346A /* InboxView.swift */; };
		92210E6A2C81A0910069346A /* ActiveNow.swift in Sources */ = {isa = PBXBuildFile; fileRef = 92210E692C81A0910069346A /* ActiveNow.swift */; };
		92210E6C2C81D0330069346A /* InboxRowView.swift in Sources */ = {isa = PBXBuildFile; fileRef = 92210E6B2C81D0330069346A /* InboxRowView.swift */; };
		92210E6F2C81DD970069346A /* NewMessageView.swift in Sources */ = {isa = PBXBuildFile; fileRef = 92210E6E2C81DD970069346A /* NewMessageView.swift */; };
		92210E742C8200F10069346A /* ProfileView.swift in Sources */ = {isa = PBXBuildFile; fileRef = 92210E732C8200F10069346A /* ProfileView.swift */; };
		92210E762C8207450069346A /* SettingOptionViewModel.swift in Sources */ = {isa = PBXBuildFile; fileRef = 92210E752C8207450069346A /* SettingOptionViewModel.swift */; };
		92210E782C8211610069346A /* ProfileViewModel.swift in Sources */ = {isa = PBXBuildFile; fileRef = 92210E772C8211610069346A /* ProfileViewModel.swift */; };
		92210E7A2C82402C0069346A /* User.swift in Sources */ = {isa = PBXBuildFile; fileRef = 92210E792C82402C0069346A /* User.swift */; };
		92210E7D2C8252D70069346A /* CircularprofileView.swift in Sources */ = {isa = PBXBuildFile; fileRef = 92210E7C2C8252D70069346A /* CircularprofileView.swift */; };
		92210E802C825CA80069346A /* ChatView.swift in Sources */ = {isa = PBXBuildFile; fileRef = 92210E7F2C825CA80069346A /* ChatView.swift */; };
		9221A9A22C84EEC100F9B91E /* chatViewModel.swift in Sources */ = {isa = PBXBuildFile; fileRef = 9221A9A12C84EEC100F9B91E /* chatViewModel.swift */; };
		9225BCDB2C8301CD007E5A07 /* ChatMessageCell.swift in Sources */ = {isa = PBXBuildFile; fileRef = 9225BCDA2C8301CD007E5A07 /* ChatMessageCell.swift */; };
		9225BCDD2C8307FC007E5A07 /* ChatBubble.swift in Sources */ = {isa = PBXBuildFile; fileRef = 9225BCDC2C8307FC007E5A07 /* ChatBubble.swift */; };
		923E45DF2C844362002A6D37 /* InboxViewModel.swift in Sources */ = {isa = PBXBuildFile; fileRef = 923E45DE2C844362002A6D37 /* InboxViewModel.swift */; };
		923E45E42C845224002A6D37 /* NewMessageViewModel.swift in Sources */ = {isa = PBXBuildFile; fileRef = 923E45E32C845224002A6D37 /* NewMessageViewModel.swift */; };
		926C7B992C84BBD100B2E624 /* Message.swift in Sources */ = {isa = PBXBuildFile; fileRef = 926C7B982C84BBD100B2E624 /* Message.swift */; };
		926C7B9B2C84C07B00B2E624 /* MessageService.swift in Sources */ = {isa = PBXBuildFile; fileRef = 926C7B9A2C84C07B00B2E624 /* MessageService.swift */; };
		929ACD1C2C80F2AB00A5A74D /* Messenger_CloneApp.swift in Sources */ = {isa = PBXBuildFile; fileRef = 929ACD1B2C80F2AB00A5A74D /* Messenger_CloneApp.swift */; };
		929ACD1E2C80F2AB00A5A74D /* ContentView.swift in Sources */ = {isa = PBXBuildFile; fileRef = 929ACD1D2C80F2AB00A5A74D /* ContentView.swift */; };
		929ACD202C80F2AC00A5A74D /* Assets.xcassets in Resources */ = {isa = PBXBuildFile; fileRef = 929ACD1F2C80F2AC00A5A74D /* Assets.xcassets */; };
		929ACD232C80F2AC00A5A74D /* Preview Assets.xcassets in Resources */ = {isa = PBXBuildFile; fileRef = 929ACD222C80F2AC00A5A74D /* Preview Assets.xcassets */; };
		929ACD322C80F57900A5A74D /* LogInView.swift in Sources */ = {isa = PBXBuildFile; fileRef = 929ACD312C80F57900A5A74D /* LogInView.swift */; };
		92B559A82C83AD170070D927 /* UserService.swift in Sources */ = {isa = PBXBuildFile; fileRef = 92B559A72C83AD170070D927 /* UserService.swift */; };
		92C06C2A2C831D4600C7B827 /* GoogleService-Info.plist in Resources */ = {isa = PBXBuildFile; fileRef = 92C06C292C831D4600C7B827 /* GoogleService-Info.plist */; };
		92C06C2D2C831E5700C7B827 /* FirebaseAuth in Frameworks */ = {isa = PBXBuildFile; productRef = 92C06C2C2C831E5700C7B827 /* FirebaseAuth */; };
		92C06C2F2C831E5700C7B827 /* FirebaseFirestore in Frameworks */ = {isa = PBXBuildFile; productRef = 92C06C2E2C831E5700C7B827 /* FirebaseFirestore */; };
		92C06C312C831E5700C7B827 /* FirebaseStorage in Frameworks */ = {isa = PBXBuildFile; productRef = 92C06C302C831E5700C7B827 /* FirebaseStorage */; };
		92C06C352C83206600C7B827 /* LoginViewModel.swift in Sources */ = {isa = PBXBuildFile; fileRef = 92C06C342C83206600C7B827 /* LoginViewModel.swift */; };
		92C06C372C83207A00C7B827 /* RegistrationViewModel.swift in Sources */ = {isa = PBXBuildFile; fileRef = 92C06C362C83207A00C7B827 /* RegistrationViewModel.swift */; };
		92C06C392C8321B100C7B827 /* AuthService.swift in Sources */ = {isa = PBXBuildFile; fileRef = 92C06C382C8321B100C7B827 /* AuthService.swift */; };
		92C06C3D2C83584500C7B827 /* ContainViewModel.swift in Sources */ = {isa = PBXBuildFile; fileRef = 92C06C3C2C83584500C7B827 /* ContainViewModel.swift */; };
		92D1F1A52C810A1900D7845D /* RegistrationView.swift in Sources */ = {isa = PBXBuildFile; fileRef = 92D1F1A42C810A1900D7845D /* RegistrationView.swift */; };
		92DEA60F2C85BC3F00992B8A /* ChatService.swift in Sources */ = {isa = PBXBuildFile; fileRef = 92DEA60E2C85BC3F00992B8A /* ChatService.swift */; };
		92DEA6142C85BE2600992B8A /* Constants.swift in Sources */ = {isa = PBXBuildFile; fileRef = 92DEA6132C85BE2600992B8A /* Constants.swift */; };
		92DEA6162C85C6EF00992B8A /* InboxService.swift in Sources */ = {isa = PBXBuildFile; fileRef = 92DEA6152C85C6EF00992B8A /* InboxService.swift */; };
		92DEA6192C85D63C00992B8A /* Date.swift in Sources */ = {isa = PBXBuildFile; fileRef = 92DEA6182C85D63C00992B8A /* Date.swift */; };
/* End PBXBuildFile section */

/* Begin PBXFileReference section */
		92210E662C819DCF0069346A /* InboxView.swift */ = {isa = PBXFileReference; lastKnownFileType = sourcecode.swift; path = InboxView.swift; sourceTree = "<group>"; };
		92210E692C81A0910069346A /* ActiveNow.swift */ = {isa = PBXFileReference; lastKnownFileType = sourcecode.swift; path = ActiveNow.swift; sourceTree = "<group>"; };
		92210E6B2C81D0330069346A /* InboxRowView.swift */ = {isa = PBXFileReference; lastKnownFileType = sourcecode.swift; path = InboxRowView.swift; sourceTree = "<group>"; };
		92210E6E2C81DD970069346A /* NewMessageView.swift */ = {isa = PBXFileReference; lastKnownFileType = sourcecode.swift; path = NewMessageView.swift; sourceTree = "<group>"; };
		92210E732C8200F10069346A /* ProfileView.swift */ = {isa = PBXFileReference; lastKnownFileType = sourcecode.swift; path = ProfileView.swift; sourceTree = "<group>"; };
		92210E752C8207450069346A /* SettingOptionViewModel.swift */ = {isa = PBXFileReference; lastKnownFileType = sourcecode.swift; path = SettingOptionViewModel.swift; sourceTree = "<group>"; };
		92210E772C8211610069346A /* ProfileViewModel.swift */ = {isa = PBXFileReference; lastKnownFileType = sourcecode.swift; path = ProfileViewModel.swift; sourceTree = "<group>"; };
		92210E792C82402C0069346A /* User.swift */ = {isa = PBXFileReference; lastKnownFileType = sourcecode.swift; path = User.swift; sourceTree = "<group>"; };
		92210E7C2C8252D70069346A /* CircularprofileView.swift */ = {isa = PBXFileReference; lastKnownFileType = sourcecode.swift; path = CircularprofileView.swift; sourceTree = "<group>"; };
		92210E7F2C825CA80069346A /* ChatView.swift */ = {isa = PBXFileReference; lastKnownFileType = sourcecode.swift; path = ChatView.swift; sourceTree = "<group>"; };
		9221A9A12C84EEC100F9B91E /* chatViewModel.swift */ = {isa = PBXFileReference; lastKnownFileType = sourcecode.swift; path = chatViewModel.swift; sourceTree = "<group>"; };
		9225BCDA2C8301CD007E5A07 /* ChatMessageCell.swift */ = {isa = PBXFileReference; lastKnownFileType = sourcecode.swift; path = ChatMessageCell.swift; sourceTree = "<group>"; };
		9225BCDC2C8307FC007E5A07 /* ChatBubble.swift */ = {isa = PBXFileReference; lastKnownFileType = sourcecode.swift; path = ChatBubble.swift; sourceTree = "<group>"; };
		923E45DE2C844362002A6D37 /* InboxViewModel.swift */ = {isa = PBXFileReference; lastKnownFileType = sourcecode.swift; path = InboxViewModel.swift; sourceTree = "<group>"; };
		923E45E32C845224002A6D37 /* NewMessageViewModel.swift */ = {isa = PBXFileReference; lastKnownFileType = sourcecode.swift; path = NewMessageViewModel.swift; sourceTree = "<group>"; };
		926C7B982C84BBD100B2E624 /* Message.swift */ = {isa = PBXFileReference; lastKnownFileType = sourcecode.swift; path = Message.swift; sourceTree = "<group>"; };
		926C7B9A2C84C07B00B2E624 /* MessageService.swift */ = {isa = PBXFileReference; lastKnownFileType = sourcecode.swift; path = MessageService.swift; sourceTree = "<group>"; };
		929ACD182C80F2AB00A5A74D /* Messenger_Clone.app */ = {isa = PBXFileReference; explicitFileType = wrapper.application; includeInIndex = 0; path = Messenger_Clone.app; sourceTree = BUILT_PRODUCTS_DIR; };
		929ACD1B2C80F2AB00A5A74D /* Messenger_CloneApp.swift */ = {isa = PBXFileReference; lastKnownFileType = sourcecode.swift; path = Messenger_CloneApp.swift; sourceTree = "<group>"; };
		929ACD1D2C80F2AB00A5A74D /* ContentView.swift */ = {isa = PBXFileReference; lastKnownFileType = sourcecode.swift; path = ContentView.swift; sourceTree = "<group>"; };
		929ACD1F2C80F2AC00A5A74D /* Assets.xcassets */ = {isa = PBXFileReference; lastKnownFileType = folder.assetcatalog; path = Assets.xcassets; sourceTree = "<group>"; };
		929ACD222C80F2AC00A5A74D /* Preview Assets.xcassets */ = {isa = PBXFileReference; lastKnownFileType = folder.assetcatalog; path = "Preview Assets.xcassets"; sourceTree = "<group>"; };
		929ACD312C80F57900A5A74D /* LogInView.swift */ = {isa = PBXFileReference; lastKnownFileType = sourcecode.swift; path = LogInView.swift; sourceTree = "<group>"; };
		92B559A72C83AD170070D927 /* UserService.swift */ = {isa = PBXFileReference; lastKnownFileType = sourcecode.swift; path = UserService.swift; sourceTree = "<group>"; };
		92C06C292C831D4600C7B827 /* GoogleService-Info.plist */ = {isa = PBXFileReference; fileEncoding = 4; lastKnownFileType = text.plist.xml; path = "GoogleService-Info.plist"; sourceTree = "<group>"; };
		92C06C342C83206600C7B827 /* LoginViewModel.swift */ = {isa = PBXFileReference; lastKnownFileType = sourcecode.swift; path = LoginViewModel.swift; sourceTree = "<group>"; };
		92C06C362C83207A00C7B827 /* RegistrationViewModel.swift */ = {isa = PBXFileReference; lastKnownFileType = sourcecode.swift; path = RegistrationViewModel.swift; sourceTree = "<group>"; };
		92C06C382C8321B100C7B827 /* AuthService.swift */ = {isa = PBXFileReference; lastKnownFileType = sourcecode.swift; path = AuthService.swift; sourceTree = "<group>"; };
		92C06C3C2C83584500C7B827 /* ContainViewModel.swift */ = {isa = PBXFileReference; lastKnownFileType = sourcecode.swift; path = ContainViewModel.swift; sourceTree = "<group>"; };
		92D1F1A42C810A1900D7845D /* RegistrationView.swift */ = {isa = PBXFileReference; lastKnownFileType = sourcecode.swift; path = RegistrationView.swift; sourceTree = "<group>"; };
		92DEA60E2C85BC3F00992B8A /* ChatService.swift */ = {isa = PBXFileReference; lastKnownFileType = sourcecode.swift; path = ChatService.swift; sourceTree = "<group>"; };
		92DEA6132C85BE2600992B8A /* Constants.swift */ = {isa = PBXFileReference; lastKnownFileType = sourcecode.swift; path = Constants.swift; sourceTree = "<group>"; };
		92DEA6152C85C6EF00992B8A /* InboxService.swift */ = {isa = PBXFileReference; lastKnownFileType = sourcecode.swift; path = InboxService.swift; sourceTree = "<group>"; };
		92DEA6182C85D63C00992B8A /* Date.swift */ = {isa = PBXFileReference; lastKnownFileType = sourcecode.swift; path = Date.swift; sourceTree = "<group>"; };
/* End PBXFileReference section */

/* Begin PBXFrameworksBuildPhase section */
		929ACD152C80F2AB00A5A74D /* Frameworks */ = {
			isa = PBXFrameworksBuildPhase;
			buildActionMask = 2147483647;
			files = (
				92C06C2D2C831E5700C7B827 /* FirebaseAuth in Frameworks */,
				92C06C2F2C831E5700C7B827 /* FirebaseFirestore in Frameworks */,
				92C06C312C831E5700C7B827 /* FirebaseStorage in Frameworks */,
			);
			runOnlyForDeploymentPostprocessing = 0;
		};
/* End PBXFrameworksBuildPhase section */

/* Begin PBXGroup section */
		92210E652C819DA40069346A /* Inbox */ = {
			isa = PBXGroup;
			children = (
				92DEA6172C85C7FA00992B8A /* Service */,
				923E45DC2C8442C9002A6D37 /* ViewModel */,
				923E45DB2C8442A9002A6D37 /* View */,
			);
			path = Inbox;
			sourceTree = "<group>";
		};
		92210E682C81A0720069346A /* Active Now */ = {
			isa = PBXGroup;
			children = (
				92210E692C81A0910069346A /* ActiveNow.swift */,
			);
			path = "Active Now";
			sourceTree = "<group>";
		};
		92210E6D2C81DD6E0069346A /* NewMessgae */ = {
			isa = PBXGroup;
			children = (
				923E45E22C8451E0002A6D37 /* ViewModel */,
				923E45E02C8451DA002A6D37 /* View */,
			);
			path = NewMessgae;
			sourceTree = "<group>";
		};
		92210E702C82009D0069346A /* Profile */ = {
			isa = PBXGroup;
			children = (
				92210E722C8200D70069346A /* ViewModel */,
				92210E712C8200CC0069346A /* View */,
			);
			path = Profile;
			sourceTree = "<group>";
		};
		92210E712C8200CC0069346A /* View */ = {
			isa = PBXGroup;
			children = (
				92210E732C8200F10069346A /* ProfileView.swift */,
			);
			path = View;
			sourceTree = "<group>";
		};
		92210E722C8200D70069346A /* ViewModel */ = {
			isa = PBXGroup;
			children = (
				92210E752C8207450069346A /* SettingOptionViewModel.swift */,
				92210E772C8211610069346A /* ProfileViewModel.swift */,
			);
			path = ViewModel;
			sourceTree = "<group>";
		};
		92210E7B2C8252AE0069346A /* Component */ = {
			isa = PBXGroup;
			children = (
				92210E7C2C8252D70069346A /* CircularprofileView.swift */,
			);
			path = Component;
			sourceTree = "<group>";
		};
		92210E7E2C825C990069346A /* Chat */ = {
			isa = PBXGroup;
			children = (
				92DEA60D2C85BC1F00992B8A /* Service */,
				9221A9A02C84EE9200F9B91E /* ViewModel */,
				9221A99F2C84EE8600F9B91E /* View */,
			);
			path = Chat;
			sourceTree = "<group>";
		};
		9221A99F2C84EE8600F9B91E /* View */ = {
			isa = PBXGroup;
			children = (
				92210E7F2C825CA80069346A /* ChatView.swift */,
				9225BCDA2C8301CD007E5A07 /* ChatMessageCell.swift */,
				9225BCDC2C8307FC007E5A07 /* ChatBubble.swift */,
			);
			path = View;
			sourceTree = "<group>";
		};
		9221A9A02C84EE9200F9B91E /* ViewModel */ = {
			isa = PBXGroup;
			children = (
				9221A9A12C84EEC100F9B91E /* chatViewModel.swift */,
			);
			path = ViewModel;
			sourceTree = "<group>";
		};
		923E45DB2C8442A9002A6D37 /* View */ = {
			isa = PBXGroup;
			children = (
				92210E662C819DCF0069346A /* InboxView.swift */,
				92210E6B2C81D0330069346A /* InboxRowView.swift */,
			);
			path = View;
			sourceTree = "<group>";
		};
		923E45DC2C8442C9002A6D37 /* ViewModel */ = {
			isa = PBXGroup;
			children = (
				923E45DE2C844362002A6D37 /* InboxViewModel.swift */,
			);
			path = ViewModel;
			sourceTree = "<group>";
		};
		923E45E02C8451DA002A6D37 /* View */ = {
			isa = PBXGroup;
			children = (
				92210E6E2C81DD970069346A /* NewMessageView.swift */,
			);
			path = View;
			sourceTree = "<group>";
		};
		923E45E22C8451E0002A6D37 /* ViewModel */ = {
			isa = PBXGroup;
			children = (
				923E45E32C845224002A6D37 /* NewMessageViewModel.swift */,
			);
			path = ViewModel;
			sourceTree = "<group>";
		};
		929ACD0F2C80F2AB00A5A74D = {
			isa = PBXGroup;
			children = (
				929ACD1A2C80F2AB00A5A74D /* Messenger_Clone */,
				929ACD1F2C80F2AC00A5A74D /* Assets.xcassets */,
				92C06C292C831D4600C7B827 /* GoogleService-Info.plist */,
				929ACD192C80F2AB00A5A74D /* Products */,
			);
			sourceTree = "<group>";
		};
		929ACD192C80F2AB00A5A74D /* Products */ = {
			isa = PBXGroup;
			children = (
				929ACD182C80F2AB00A5A74D /* Messenger_Clone.app */,
			);
			name = Products;
			sourceTree = "<group>";
		};
		929ACD1A2C80F2AB00A5A74D /* Messenger_Clone */ = {
			isa = PBXGroup;
			children = (
				929ACD2D2C80F4B300A5A74D /* App */,
				929ACD2C2C80F4B100A5A74D /* Core */,
				929ACD2A2C80F4AD00A5A74D /* Extensions */,
				929ACD292C80F4AB00A5A74D /* Model */,
				929ACD212C80F2AC00A5A74D /* Preview Content */,
				929ACD2B2C80F4B000A5A74D /* Service */,
				92DEA6122C85BE0400992B8A /* Utils */,
			);
			path = Messenger_Clone;
			sourceTree = "<group>";
		};
		929ACD212C80F2AC00A5A74D /* Preview Content */ = {
			isa = PBXGroup;
			children = (
				929ACD222C80F2AC00A5A74D /* Preview Assets.xcassets */,
			);
			path = "Preview Content";
			sourceTree = "<group>";
		};
		929ACD292C80F4AB00A5A74D /* Model */ = {
			isa = PBXGroup;
			children = (
				92210E792C82402C0069346A /* User.swift */,
				926C7B982C84BBD100B2E624 /* Message.swift */,
			);
			path = Model;
			sourceTree = "<group>";
		};
		929ACD2A2C80F4AD00A5A74D /* Extensions */ = {
			isa = PBXGroup;
			children = (
				92DEA6182C85D63C00992B8A /* Date.swift */,
			);
			path = Extensions;
			sourceTree = "<group>";
		};
		929ACD2B2C80F4B000A5A74D /* Service */ = {
			isa = PBXGroup;
			children = (
				92B559A72C83AD170070D927 /* UserService.swift */,
				926C7B9A2C84C07B00B2E624 /* MessageService.swift */,
			);
			path = Service;
			sourceTree = "<group>";
		};
		929ACD2C2C80F4B100A5A74D /* Core */ = {
			isa = PBXGroup;
			children = (
				92210E682C81A0720069346A /* Active Now */,
				929ACD2F2C80F51B00A5A74D /* Authentication */,
				92210E7E2C825C990069346A /* Chat */,
				92210E7B2C8252AE0069346A /* Component */,
				92210E652C819DA40069346A /* Inbox */,
				92210E6D2C81DD6E0069346A /* NewMessgae */,
				92210E702C82009D0069346A /* Profile */,
				929ACD302C80F52D00A5A74D /* Root */,
			);
			path = Core;
			sourceTree = "<group>";
		};
		929ACD2D2C80F4B300A5A74D /* App */ = {
			isa = PBXGroup;
			children = (
				929ACD1B2C80F2AB00A5A74D /* Messenger_CloneApp.swift */,
			);
			path = App;
			sourceTree = "<group>";
		};
		929ACD2F2C80F51B00A5A74D /* Authentication */ = {
			isa = PBXGroup;
			children = (
				92C06C332C83204D00C7B827 /* Service */,
				92C06C322C83203900C7B827 /* ViewModel */,
				929ACD332C80F57C00A5A74D /* View */,
			);
			path = Authentication;
			sourceTree = "<group>";
		};
		929ACD302C80F52D00A5A74D /* Root */ = {
			isa = PBXGroup;
			children = (
				92C06C3B2C83582F00C7B827 /* ViewModel */,
				92C06C3A2C83581E00C7B827 /* View */,
			);
			path = Root;
			sourceTree = "<group>";
		};
		929ACD332C80F57C00A5A74D /* View */ = {
			isa = PBXGroup;
			children = (
				929ACD312C80F57900A5A74D /* LogInView.swift */,
				92D1F1A42C810A1900D7845D /* RegistrationView.swift */,
			);
			path = View;
			sourceTree = "<group>";
		};
		92C06C322C83203900C7B827 /* ViewModel */ = {
			isa = PBXGroup;
			children = (
				92C06C342C83206600C7B827 /* LoginViewModel.swift */,
				92C06C362C83207A00C7B827 /* RegistrationViewModel.swift */,
			);
			path = ViewModel;
			sourceTree = "<group>";
		};
		92C06C332C83204D00C7B827 /* Service */ = {
			isa = PBXGroup;
			children = (
				92C06C382C8321B100C7B827 /* AuthService.swift */,
			);
			path = Service;
			sourceTree = "<group>";
		};
		92C06C3A2C83581E00C7B827 /* View */ = {
			isa = PBXGroup;
			children = (
				929ACD1D2C80F2AB00A5A74D /* ContentView.swift */,
			);
			path = View;
			sourceTree = "<group>";
		};
		92C06C3B2C83582F00C7B827 /* ViewModel */ = {
			isa = PBXGroup;
			children = (
				92C06C3C2C83584500C7B827 /* ContainViewModel.swift */,
			);
			path = ViewModel;
			sourceTree = "<group>";
		};
		92DEA60D2C85BC1F00992B8A /* Service */ = {
			isa = PBXGroup;
			children = (
				92DEA60E2C85BC3F00992B8A /* ChatService.swift */,
			);
			path = Service;
			sourceTree = "<group>";
		};
		92DEA6122C85BE0400992B8A /* Utils */ = {
			isa = PBXGroup;
			children = (
				92DEA6132C85BE2600992B8A /* Constants.swift */,
			);
			path = Utils;
			sourceTree = "<group>";
		};
		92DEA6172C85C7FA00992B8A /* Service */ = {
			isa = PBXGroup;
			children = (
				92DEA6152C85C6EF00992B8A /* InboxService.swift */,
			);
			path = Service;
			sourceTree = "<group>";
		};
/* End PBXGroup section */

/* Begin PBXNativeTarget section */
		929ACD172C80F2AB00A5A74D /* Messenger_Clone */ = {
			isa = PBXNativeTarget;
			buildConfigurationList = 929ACD262C80F2AC00A5A74D /* Build configuration list for PBXNativeTarget "Messenger_Clone" */;
			buildPhases = (
				929ACD142C80F2AB00A5A74D /* Sources */,
				929ACD152C80F2AB00A5A74D /* Frameworks */,
				929ACD162C80F2AB00A5A74D /* Resources */,
			);
			buildRules = (
			);
			dependencies = (
			);
			name = Messenger_Clone;
			packageProductDependencies = (
				92C06C2C2C831E5700C7B827 /* FirebaseAuth */,
				92C06C2E2C831E5700C7B827 /* FirebaseFirestore */,
				92C06C302C831E5700C7B827 /* FirebaseStorage */,
			);
			productName = Messenger_Clone;
			productReference = 929ACD182C80F2AB00A5A74D /* Messenger_Clone.app */;
			productType = "com.apple.product-type.application";
		};
/* End PBXNativeTarget section */

/* Begin PBXProject section */
		929ACD102C80F2AB00A5A74D /* Project object */ = {
			isa = PBXProject;
			attributes = {
				BuildIndependentTargetsInParallel = 1;
				LastSwiftUpdateCheck = 1540;
				LastUpgradeCheck = 1540;
				TargetAttributes = {
					929ACD172C80F2AB00A5A74D = {
						CreatedOnToolsVersion = 15.4;
					};
				};
			};
			buildConfigurationList = 929ACD132C80F2AB00A5A74D /* Build configuration list for PBXProject "Messenger_Clone" */;
			compatibilityVersion = "Xcode 14.0";
			developmentRegion = en;
			hasScannedForEncodings = 0;
			knownRegions = (
				en,
				Base,
			);
			mainGroup = 929ACD0F2C80F2AB00A5A74D;
			packageReferences = (
				92C06C2B2C831E5700C7B827 /* XCRemoteSwiftPackageReference "firebase-ios-sdk" */,
			);
			productRefGroup = 929ACD192C80F2AB00A5A74D /* Products */;
			projectDirPath = "";
			projectRoot = "";
			targets = (
				929ACD172C80F2AB00A5A74D /* Messenger_Clone */,
			);
		};
/* End PBXProject section */

/* Begin PBXResourcesBuildPhase section */
		929ACD162C80F2AB00A5A74D /* Resources */ = {
			isa = PBXResourcesBuildPhase;
			buildActionMask = 2147483647;
			files = (
				929ACD232C80F2AC00A5A74D /* Preview Assets.xcassets in Resources */,
				929ACD202C80F2AC00A5A74D /* Assets.xcassets in Resources */,
				92C06C2A2C831D4600C7B827 /* GoogleService-Info.plist in Resources */,
			);
			runOnlyForDeploymentPostprocessing = 0;
		};
/* End PBXResourcesBuildPhase section */

/* Begin PBXSourcesBuildPhase section */
		929ACD142C80F2AB00A5A74D /* Sources */ = {
			isa = PBXSourcesBuildPhase;
			buildActionMask = 2147483647;
			files = (
				9221A9A22C84EEC100F9B91E /* chatViewModel.swift in Sources */,
				92DEA6192C85D63C00992B8A /* Date.swift in Sources */,
				92210E762C8207450069346A /* SettingOptionViewModel.swift in Sources */,
				92C06C3D2C83584500C7B827 /* ContainViewModel.swift in Sources */,
				92C06C372C83207A00C7B827 /* RegistrationViewModel.swift in Sources */,
				92210E6C2C81D0330069346A /* InboxRowView.swift in Sources */,
				92210E742C8200F10069346A /* ProfileView.swift in Sources */,
				92210E6F2C81DD970069346A /* NewMessageView.swift in Sources */,
				92210E802C825CA80069346A /* ChatView.swift in Sources */,
				92C06C392C8321B100C7B827 /* AuthService.swift in Sources */,
				929ACD322C80F57900A5A74D /* LogInView.swift in Sources */,
				9225BCDB2C8301CD007E5A07 /* ChatMessageCell.swift in Sources */,
				92DEA6162C85C6EF00992B8A /* InboxService.swift in Sources */,
				92DEA6142C85BE2600992B8A /* Constants.swift in Sources */,
				9225BCDD2C8307FC007E5A07 /* ChatBubble.swift in Sources */,
				929ACD1E2C80F2AB00A5A74D /* ContentView.swift in Sources */,
				92210E6A2C81A0910069346A /* ActiveNow.swift in Sources */,
				92DEA60F2C85BC3F00992B8A /* ChatService.swift in Sources */,
				92C06C352C83206600C7B827 /* LoginViewModel.swift in Sources */,
				92B559A82C83AD170070D927 /* UserService.swift in Sources */,
				923E45E42C845224002A6D37 /* NewMessageViewModel.swift in Sources */,
				92210E7D2C8252D70069346A /* CircularprofileView.swift in Sources */,
				92210E782C8211610069346A /* ProfileViewModel.swift in Sources */,
				923E45DF2C844362002A6D37 /* InboxViewModel.swift in Sources */,
				92210E7A2C82402C0069346A /* User.swift in Sources */,
				926C7B9B2C84C07B00B2E624 /* MessageService.swift in Sources */,
				92210E672C819DCF0069346A /* InboxView.swift in Sources */,
				926C7B992C84BBD100B2E624 /* Message.swift in Sources */,
				929ACD1C2C80F2AB00A5A74D /* Messenger_CloneApp.swift in Sources */,
				92D1F1A52C810A1900D7845D /* RegistrationView.swift in Sources */,
			);
			runOnlyForDeploymentPostprocessing = 0;
		};
/* End PBXSourcesBuildPhase section */

/* Begin XCBuildConfiguration section */
		929ACD242C80F2AC00A5A74D /* Debug */ = {
			isa = XCBuildConfiguration;
			buildSettings = {
				ALWAYS_SEARCH_USER_PATHS = NO;
				ASSETCATALOG_COMPILER_GENERATE_SWIFT_ASSET_SYMBOL_EXTENSIONS = YES;
				CLANG_ANALYZER_NONNULL = YES;
				CLANG_ANALYZER_NUMBER_OBJECT_CONVERSION = YES_AGGRESSIVE;
				CLANG_CXX_LANGUAGE_STANDARD = "gnu++20";
				CLANG_ENABLE_MODULES = YES;
				CLANG_ENABLE_OBJC_ARC = YES;
				CLANG_ENABLE_OBJC_WEAK = YES;
				CLANG_WARN_BLOCK_CAPTURE_AUTORELEASING = YES;
				CLANG_WARN_BOOL_CONVERSION = YES;
				CLANG_WARN_COMMA = YES;
				CLANG_WARN_CONSTANT_CONVERSION = YES;
				CLANG_WARN_DEPRECATED_OBJC_IMPLEMENTATIONS = YES;
				CLANG_WARN_DIRECT_OBJC_ISA_USAGE = YES_ERROR;
				CLANG_WARN_DOCUMENTATION_COMMENTS = YES;
				CLANG_WARN_EMPTY_BODY = YES;
				CLANG_WARN_ENUM_CONVERSION = YES;
				CLANG_WARN_INFINITE_RECURSION = YES;
				CLANG_WARN_INT_CONVERSION = YES;
				CLANG_WARN_NON_LITERAL_NULL_CONVERSION = YES;
				CLANG_WARN_OBJC_IMPLICIT_RETAIN_SELF = YES;
				CLANG_WARN_OBJC_LITERAL_CONVERSION = YES;
				CLANG_WARN_OBJC_ROOT_CLASS = YES_ERROR;
				CLANG_WARN_QUOTED_INCLUDE_IN_FRAMEWORK_HEADER = YES;
				CLANG_WARN_RANGE_LOOP_ANALYSIS = YES;
				CLANG_WARN_STRICT_PROTOTYPES = YES;
				CLANG_WARN_SUSPICIOUS_MOVE = YES;
				CLANG_WARN_UNGUARDED_AVAILABILITY = YES_AGGRESSIVE;
				CLANG_WARN_UNREACHABLE_CODE = YES;
				CLANG_WARN__DUPLICATE_METHOD_MATCH = YES;
				COPY_PHASE_STRIP = NO;
				DEBUG_INFORMATION_FORMAT = dwarf;
				ENABLE_STRICT_OBJC_MSGSEND = YES;
				ENABLE_TESTABILITY = YES;
				ENABLE_USER_SCRIPT_SANDBOXING = YES;
				GCC_C_LANGUAGE_STANDARD = gnu17;
				GCC_DYNAMIC_NO_PIC = NO;
				GCC_NO_COMMON_BLOCKS = YES;
				GCC_OPTIMIZATION_LEVEL = 0;
				GCC_PREPROCESSOR_DEFINITIONS = (
					"DEBUG=1",
					"$(inherited)",
				);
				GCC_WARN_64_TO_32_BIT_CONVERSION = YES;
				GCC_WARN_ABOUT_RETURN_TYPE = YES_ERROR;
				GCC_WARN_UNDECLARED_SELECTOR = YES;
				GCC_WARN_UNINITIALIZED_AUTOS = YES_AGGRESSIVE;
				GCC_WARN_UNUSED_FUNCTION = YES;
				GCC_WARN_UNUSED_VARIABLE = YES;
				IPHONEOS_DEPLOYMENT_TARGET = 17.5;
				LOCALIZATION_PREFERS_STRING_CATALOGS = YES;
				MTL_ENABLE_DEBUG_INFO = INCLUDE_SOURCE;
				MTL_FAST_MATH = YES;
				ONLY_ACTIVE_ARCH = YES;
				SDKROOT = iphoneos;
				SWIFT_ACTIVE_COMPILATION_CONDITIONS = "DEBUG $(inherited)";
				SWIFT_OPTIMIZATION_LEVEL = "-Onone";
			};
			name = Debug;
		};
		929ACD252C80F2AC00A5A74D /* Release */ = {
			isa = XCBuildConfiguration;
			buildSettings = {
				ALWAYS_SEARCH_USER_PATHS = NO;
				ASSETCATALOG_COMPILER_GENERATE_SWIFT_ASSET_SYMBOL_EXTENSIONS = YES;
				CLANG_ANALYZER_NONNULL = YES;
				CLANG_ANALYZER_NUMBER_OBJECT_CONVERSION = YES_AGGRESSIVE;
				CLANG_CXX_LANGUAGE_STANDARD = "gnu++20";
				CLANG_ENABLE_MODULES = YES;
				CLANG_ENABLE_OBJC_ARC = YES;
				CLANG_ENABLE_OBJC_WEAK = YES;
				CLANG_WARN_BLOCK_CAPTURE_AUTORELEASING = YES;
				CLANG_WARN_BOOL_CONVERSION = YES;
				CLANG_WARN_COMMA = YES;
				CLANG_WARN_CONSTANT_CONVERSION = YES;
				CLANG_WARN_DEPRECATED_OBJC_IMPLEMENTATIONS = YES;
				CLANG_WARN_DIRECT_OBJC_ISA_USAGE = YES_ERROR;
				CLANG_WARN_DOCUMENTATION_COMMENTS = YES;
				CLANG_WARN_EMPTY_BODY = YES;
				CLANG_WARN_ENUM_CONVERSION = YES;
				CLANG_WARN_INFINITE_RECURSION = YES;
				CLANG_WARN_INT_CONVERSION = YES;
				CLANG_WARN_NON_LITERAL_NULL_CONVERSION = YES;
				CLANG_WARN_OBJC_IMPLICIT_RETAIN_SELF = YES;
				CLANG_WARN_OBJC_LITERAL_CONVERSION = YES;
				CLANG_WARN_OBJC_ROOT_CLASS = YES_ERROR;
				CLANG_WARN_QUOTED_INCLUDE_IN_FRAMEWORK_HEADER = YES;
				CLANG_WARN_RANGE_LOOP_ANALYSIS = YES;
				CLANG_WARN_STRICT_PROTOTYPES = YES;
				CLANG_WARN_SUSPICIOUS_MOVE = YES;
				CLANG_WARN_UNGUARDED_AVAILABILITY = YES_AGGRESSIVE;
				CLANG_WARN_UNREACHABLE_CODE = YES;
				CLANG_WARN__DUPLICATE_METHOD_MATCH = YES;
				COPY_PHASE_STRIP = NO;
				DEBUG_INFORMATION_FORMAT = "dwarf-with-dsym";
				ENABLE_NS_ASSERTIONS = NO;
				ENABLE_STRICT_OBJC_MSGSEND = YES;
				ENABLE_USER_SCRIPT_SANDBOXING = YES;
				GCC_C_LANGUAGE_STANDARD = gnu17;
				GCC_NO_COMMON_BLOCKS = YES;
				GCC_WARN_64_TO_32_BIT_CONVERSION = YES;
				GCC_WARN_ABOUT_RETURN_TYPE = YES_ERROR;
				GCC_WARN_UNDECLARED_SELECTOR = YES;
				GCC_WARN_UNINITIALIZED_AUTOS = YES_AGGRESSIVE;
				GCC_WARN_UNUSED_FUNCTION = YES;
				GCC_WARN_UNUSED_VARIABLE = YES;
				IPHONEOS_DEPLOYMENT_TARGET = 17.5;
				LOCALIZATION_PREFERS_STRING_CATALOGS = YES;
				MTL_ENABLE_DEBUG_INFO = NO;
				MTL_FAST_MATH = YES;
				SDKROOT = iphoneos;
				SWIFT_COMPILATION_MODE = wholemodule;
				VALIDATE_PRODUCT = YES;
			};
			name = Release;
		};
		929ACD272C80F2AC00A5A74D /* Debug */ = {
			isa = XCBuildConfiguration;
			buildSettings = {
				ASSETCATALOG_COMPILER_APPICON_NAME = AppIcon;
				ASSETCATALOG_COMPILER_GLOBAL_ACCENT_COLOR_NAME = AccentColor;
				CODE_SIGN_STYLE = Automatic;
				CURRENT_PROJECT_VERSION = 1;
				DEVELOPMENT_ASSET_PATHS = "\"Messenger_Clone/Preview Content\"";
				ENABLE_PREVIEWS = YES;
				GENERATE_INFOPLIST_FILE = YES;
				INFOPLIST_KEY_UIApplicationSceneManifest_Generation = YES;
				INFOPLIST_KEY_UIApplicationSupportsIndirectInputEvents = YES;
				INFOPLIST_KEY_UILaunchScreen_Generation = YES;
				INFOPLIST_KEY_UISupportedInterfaceOrientations_iPad = "UIInterfaceOrientationPortrait UIInterfaceOrientationPortraitUpsideDown UIInterfaceOrientationLandscapeLeft UIInterfaceOrientationLandscapeRight";
				INFOPLIST_KEY_UISupportedInterfaceOrientations_iPhone = "UIInterfaceOrientationPortrait UIInterfaceOrientationLandscapeLeft UIInterfaceOrientationLandscapeRight";
				LD_RUNPATH_SEARCH_PATHS = (
					"$(inherited)",
					"@executable_path/Frameworks",
				);
				MARKETING_VERSION = 1.0;
				PRODUCT_BUNDLE_IDENTIFIER = "Abrar.Messenger-Clone";
				PRODUCT_NAME = "$(TARGET_NAME)";
				SWIFT_EMIT_LOC_STRINGS = YES;
				SWIFT_VERSION = 5.0;
				TARGETED_DEVICE_FAMILY = "1,2";
			};
			name = Debug;
		};
		929ACD282C80F2AC00A5A74D /* Release */ = {
			isa = XCBuildConfiguration;
			buildSettings = {
				ASSETCATALOG_COMPILER_APPICON_NAME = AppIcon;
				ASSETCATALOG_COMPILER_GLOBAL_ACCENT_COLOR_NAME = AccentColor;
				CODE_SIGN_STYLE = Automatic;
				CURRENT_PROJECT_VERSION = 1;
				DEVELOPMENT_ASSET_PATHS = "\"Messenger_Clone/Preview Content\"";
				ENABLE_PREVIEWS = YES;
				GENERATE_INFOPLIST_FILE = YES;
				INFOPLIST_KEY_UIApplicationSceneManifest_Generation = YES;
				INFOPLIST_KEY_UIApplicationSupportsIndirectInputEvents = YES;
				INFOPLIST_KEY_UILaunchScreen_Generation = YES;
				INFOPLIST_KEY_UISupportedInterfaceOrientations_iPad = "UIInterfaceOrientationPortrait UIInterfaceOrientationPortraitUpsideDown UIInterfaceOrientationLandscapeLeft UIInterfaceOrientationLandscapeRight";
				INFOPLIST_KEY_UISupportedInterfaceOrientations_iPhone = "UIInterfaceOrientationPortrait UIInterfaceOrientationLandscapeLeft UIInterfaceOrientationLandscapeRight";
				LD_RUNPATH_SEARCH_PATHS = (
					"$(inherited)",
					"@executable_path/Frameworks",
				);
				MARKETING_VERSION = 1.0;
				PRODUCT_BUNDLE_IDENTIFIER = "Abrar.Messenger-Clone";
				PRODUCT_NAME = "$(TARGET_NAME)";
				SWIFT_EMIT_LOC_STRINGS = YES;
				SWIFT_VERSION = 5.0;
				TARGETED_DEVICE_FAMILY = "1,2";
			};
			name = Release;
		};
/* End XCBuildConfiguration section */

/* Begin XCConfigurationList section */
		929ACD132C80F2AB00A5A74D /* Build configuration list for PBXProject "Messenger_Clone" */ = {
			isa = XCConfigurationList;
			buildConfigurations = (
				929ACD242C80F2AC00A5A74D /* Debug */,
				929ACD252C80F2AC00A5A74D /* Release */,
			);
			defaultConfigurationIsVisible = 0;
			defaultConfigurationName = Release;
		};
		929ACD262C80F2AC00A5A74D /* Build configuration list for PBXNativeTarget "Messenger_Clone" */ = {
			isa = XCConfigurationList;
			buildConfigurations = (
				929ACD272C80F2AC00A5A74D /* Debug */,
				929ACD282C80F2AC00A5A74D /* Release */,
			);
			defaultConfigurationIsVisible = 0;
			defaultConfigurationName = Release;
		};
/* End XCConfigurationList section */

/* Begin XCRemoteSwiftPackageReference section */
		92C06C2B2C831E5700C7B827 /* XCRemoteSwiftPackageReference "firebase-ios-sdk" */ = {
			isa = XCRemoteSwiftPackageReference;
			repositoryURL = "https://github.com/firebase/firebase-ios-sdk.git";
			requirement = {
				kind = upToNextMajorVersion;
				minimumVersion = 11.1.0;
			};
		};
/* End XCRemoteSwiftPackageReference section */

/* Begin XCSwiftPackageProductDependency section */
		92C06C2C2C831E5700C7B827 /* FirebaseAuth */ = {
			isa = XCSwiftPackageProductDependency;
			package = 92C06C2B2C831E5700C7B827 /* XCRemoteSwiftPackageReference "firebase-ios-sdk" */;
			productName = FirebaseAuth;
		};
		92C06C2E2C831E5700C7B827 /* FirebaseFirestore */ = {
			isa = XCSwiftPackageProductDependency;
			package = 92C06C2B2C831E5700C7B827 /* XCRemoteSwiftPackageReference "firebase-ios-sdk" */;
			productName = FirebaseFirestore;
		};
		92C06C302C831E5700C7B827 /* FirebaseStorage */ = {
			isa = XCSwiftPackageProductDependency;
			package = 92C06C2B2C831E5700C7B827 /* XCRemoteSwiftPackageReference "firebase-ios-sdk" */;
			productName = FirebaseStorage;
		};
/* End XCSwiftPackageProductDependency section */
	};
	rootObject = 929ACD102C80F2AB00A5A74D /* Project object */;
}
